
Microsoft Visual Studio Solution File, Format Version 12.00
# Visual Studio Version 17
VisualStudioVersion = 17.5.33424.131
MinimumVisualStudioVersion = 10.0.40219.1
Project("{FAE04EC0-301F-11D3-BF4B-00C04F79EFBC}") = "ThePerfectDotNetTemplate", "ThePerfectDotNetTemplate\ThePerfectDotNetTemplate.csproj", "{4CB97A9C-B7BB-4981-8334-264CB8688D88}"
EndProject
Project("{FAE04EC0-301F-11D3-BF4B-00C04F79EFBC}") = "Repository", "Repository\Repository.csproj", "{56F41FFE-6A07-47FD-990E-5E21FA7F92C7}"
EndProject
Project("{FAE04EC0-301F-11D3-BF4B-00C04F79EFBC}") = "Core", "Core\Core.csproj", "{B5F7B731-DF48-4356-8F59-7FFDA2DB3F06}"
EndProject
Global
	GlobalSection(SolutionConfigurationPlatforms) = preSolution
		Debug|Any CPU = Debug|Any CPU
		Release|Any CPU = Release|Any CPU
	EndGlobalSection
	GlobalSection(ProjectConfigurationPlatforms) = postSolution
		{4CB97A9C-B7BB-4981-8334-264CB8688D88}.Debug|Any CPU.ActiveCfg = Debug|Any CPU
		{4CB97A9C-B7BB-4981-8334-264CB8688D88}.Debug|Any CPU.Build.0 = Debug|Any CPU
		{4CB97A9C-B7BB-4981-8334-264CB8688D88}.Release|Any CPU.ActiveCfg = Release|Any CPU
		{4CB97A9C-B7BB-4981-8334-264CB8688D88}.Release|Any CPU.Build.0 = Release|Any CPU
		{56F41FFE-6A07-47FD-990E-5E21FA7F92C7}.Debug|Any CPU.ActiveCfg = Debug|Any CPU
		{56F41FFE-6A07-47FD-990E-5E21FA7F92C7}.Debug|Any CPU.Build.0 = Debug|Any CPU
		{56F41FFE-6A07-47FD-990E-5E21FA7F92C7}.Release|Any CPU.ActiveCfg = Release|Any CPU
		{56F41FFE-6A07-47FD-990E-5E21FA7F92C7}.Release|Any CPU.Build.0 = Release|Any CPU
		{B5F7B731-DF48-4356-8F59-7FFDA2DB3F06}.Debug|Any CPU.ActiveCfg = Debug|Any CPU
		{B5F7B731-DF48-4356-8F59-7FFDA2DB3F06}.Debug|Any CPU.Build.0 = Debug|Any CPU
		{B5F7B731-DF48-4356-8F59-7FFDA2DB3F06}.Release|Any CPU.ActiveCfg = Release|Any CPU
		{B5F7B731-DF48-4356-8F59-7FFDA2DB3F06}.Release|Any CPU.Build.0 = Release|Any CPU
	EndGlobalSection
	GlobalSection(SolutionProperties) = preSolution
		HideSolutionNode = FALSE
	EndGlobalSection
	GlobalSection(ExtensibilityGlobals) = postSolution
		SolutionGuid = {0F71E22D-C354-4251-B2C4-A49FEB0AD487}
	EndGlobalSection
EndGlobal
